{
  "originHash" : "16af5b06a03586fc301771abd070acf2620dd4371f31248dbc06700969786375",
  "pins" : [
    {
      "identity" : "openac-rsa-x509-swift",
      "kind" : "remoteSourceControl",
      "location" : "https://github.com/privacy-ethereum/openac-rsa-x509-swift",
      "state" : {
        "branch" : "main",
        "revision" : "4a53fba08284ab33d05c914b5c66ba1961b0640b"
      }
    },
    {
      "identity" : "zip",
      "kind" : "remoteSourceControl",
      "location" : "https://github.com/marmelroy/Zip.git",
      "state" : {
        "revision" : "67fa55813b9e7b3b9acee9c0ae501def28746d76",
        "version" : "2.1.2"
      }
    }
  ],
  "version" : 3
}
