// !$*UTF8*$!
{
	archiveVersion = 1;
	classes = {
	};
	objectVersion = 77;
	objects = {

/* Begin PBXBuildFile section */
		EA4004342DE9A55200FD52B1 /* Zip in Frameworks */ = {isa = PBXBuildFile; productRef = EA4004332DE9A55200FD52B1 /* Zip */; };
/* End PBXBuildFile section */

/* Begin PBXContainerItemProxy section */
		EA24E2AE2DE962040026A1D4 /* PBXContainerItemProxy */ = {
			isa = PBXContainerItemProxy;
			containerPortal = EA24E28F2DE962010026A1D4 /* Project object */;
			proxyType = 1;
			remoteGlobalIDString = EA24E2962DE962010026A1D4;
			remoteInfo = backupTW;
		};
		EA24E2B82DE962040026A1D4 /* PBXContainerItemProxy */ = {
			isa = PBXContainerItemProxy;
			containerPortal = EA24E28F2DE962010026A1D4 /* Project object */;
			proxyType = 1;
			remoteGlobalIDString = EA24E2962DE962010026A1D4;
			remoteInfo = backupTW;
		};
/* End PBXContainerItemProxy section */

/* Begin PBXFileReference section */
		EA24E2972DE962010026A1D4 /* backupTW.app */ = {isa = PBXFileReference; explicitFileType = wrapper.application; includeInIndex = 0; path = backupTW.app; sourceTree = BUILT_PRODUCTS_DIR; };
		EA24E2AD2DE962040026A1D4 /* backupTWTests.xctest */ = {isa = PBXFileReference; explicitFileType = wrapper.cfbundle; includeInIndex = 0; path = backupTWTests.xctest; sourceTree = BUILT_PRODUCTS_DIR; };
		EA24E2B72DE962040026A1D4 /* backupTWUITests.xctest */ = {isa = PBXFileReference; explicitFileType = wrapper.cfbundle; includeInIndex = 0; path = backupTWUITests.xctest; sourceTree = BUILT_PRODUCTS_DIR; };
/* End PBXFileReference section */

/* Begin PBXFileSystemSynchronizedBuildFileExceptionSet section */
		EA24E2BF2DE962040026A1D4 /* Exceptions for "backupTW" folder in "backupTW" target */ = {
			isa = PBXFileSystemSynchronizedBuildFileExceptionSet;
			membershipExceptions = (
				Info.plist,
			);
			target = EA24E2962DE962010026A1D4 /* backupTW */;
		};
/* End PBXFileSystemSynchronizedBuildFileExceptionSet section */

/* Begin PBXFileSystemSynchronizedRootGroup section */
		EA24E2992DE962010026A1D4 /* backupTW */ = {
			isa = PBXFileSystemSynchronizedRootGroup;
			exceptions = (
				EA24E2BF2DE962040026A1D4 /* Exceptions for "backupTW" folder in "backupTW" target */,
			);
			path = backupTW;
			sourceTree = "<group>";
		};
		EA24E2B02DE962040026A1D4 /* backupTWTests */ = {
			isa = PBXFileSystemSynchronizedRootGroup;
			path = backupTWTests;
			sourceTree = "<group>";
		};
		EA24E2BA2DE962040026A1D4 /* backupTWUITests */ = {
			isa = PBXFileSystemSynchronizedRootGroup;
			path = backupTWUITests;
			sourceTree = "<group>";
		};
/* End PBXFileSystemSynchronizedRootGroup section */

/* Begin PBXFrameworksBuildPhase section */
		EA24E2942DE962010026A1D4 /* Frameworks */ = {
			isa = PBXFrameworksBuildPhase;
			buildActionMask = 2147483647;
			files = (
				EA4004342DE9A55200FD52B1 /* Zip in Frameworks */,
			);
			runOnlyForDeploymentPostprocessing = 0;
		};
		EA24E2AA2DE962040026A1D4 /* Frameworks */ = {
			isa = PBXFrameworksBuildPhase;
			buildActionMask = 2147483647;
			files = (
			);
			runOnlyForDeploymentPostprocessing = 0;
		};
		EA24E2B42DE962040026A1D4 /* Frameworks */ = {
			isa = PBXFrameworksBuildPhase;
			buildActionMask = 2147483647;
			files = (
			);
			runOnlyForDeploymentPostprocessing = 0;
		};
/* End PBXFrameworksBuildPhase section */

/* Begin PBXGroup section */
		EA24E28E2DE962010026A1D4 = {
			isa = PBXGroup;
			children = (
				EA24E2992DE962010026A1D4 /* backupTW */,
				EA24E2B02DE962040026A1D4 /* backupTWTests */,
				EA24E2BA2DE962040026A1D4 /* backupTWUITests */,
				EA4004322DE9A55200FD52B1 /* Frameworks */,
				EA24E2982DE962010026A1D4 /* Products */,
			);
			sourceTree = "<group>";
		};
		EA24E2982DE962010026A1D4 /* Products */ = {
			isa = PBXGroup;
			children = (
				EA24E2972DE962010026A1D4 /* backupTW.app */,
				EA24E2AD2DE962040026A1D4 /* backupTWTests.xctest */,
				EA24E2B72DE962040026A1D4 /* backupTWUITests.xctest */,
			);
			name = Products;
			sourceTree = "<group>";
		};
		EA4004322DE9A55200FD52B1 /* Frameworks */ = {
			isa = PBXGroup;
			children = (
			);
			name = Frameworks;
			sourceTree = "<group>";
		};
/* End PBXGroup section */

/* Begin PBXNativeTarget section */
		EA24E2962DE962010026A1D4 /* backupTW */ = {
			isa = PBXNativeTarget;
			buildConfigurationList = EA24E2C02DE962040026A1D4 /* Build configuration list for PBXNativeTarget "backupTW" */;
			buildPhases = (
				EA24E2932DE962010026A1D4 /* Sources */,
				EA24E2942DE962010026A1D4 /* Frameworks */,
				EA24E2952DE962010026A1D4 /* Resources */,
			);
			buildRules = (
			);
			dependencies = (
			);
			fileSystemSynchronizedGroups = (
				EA24E2992DE962010026A1D4 /* backupTW */,
			);
			name = backupTW;
			packageProductDependencies = (
				EA4004332DE9A55200FD52B1 /* Zip */,
			);
			productName = backupTW;
			productReference = EA24E2972DE962010026A1D4 /* backupTW.app */;
			productType = "com.apple.product-type.application";
		};
		EA24E2AC2DE962040026A1D4 /* backupTWTests */ = {
			isa = PBXNativeTarget;
			buildConfigurationList = EA24E2C52DE962040026A1D4 /* Build configuration list for PBXNativeTarget "backupTWTests" */;
			buildPhases = (
				EA24E2A92DE962040026A1D4 /* Sources */,
				EA24E2AA2DE962040026A1D4 /* Frameworks */,
				EA24E2AB2DE962040026A1D4 /* Resources */,
			);
			buildRules = (
			);
			dependencies = (
				EA24E2AF2DE962040026A1D4 /* PBXTargetDependency */,
			);
			fileSystemSynchronizedGroups = (
				EA24E2B02DE962040026A1D4 /* backupTWTests */,
			);
			name = backupTWTests;
			packageProductDependencies = (
			);
			productName = backupTWTests;
			productReference = EA24E2AD2DE962040026A1D4 /* backupTWTests.xctest */;
			productType = "com.apple.product-type.bundle.unit-test";
		};
		EA24E2B62DE962040026A1D4 /* backupTWUITests */ = {
			isa = PBXNativeTarget;
			buildConfigurationList = EA24E2C82DE962040026A1D4 /* Build configuration list for PBXNativeTarget "backupTWUITests" */;
			buildPhases = (
				EA24E2B32DE962040026A1D4 /* Sources */,
				EA24E2B42DE962040026A1D4 /* Frameworks */,
				EA24E2B52DE962040026A1D4 /* Resources */,
			);
			buildRules = (
			);
			dependencies = (
				EA24E2B92DE962040026A1D4 /* PBXTargetDependency */,
			);
			fileSystemSynchronizedGroups = (
				EA24E2BA2DE962040026A1D4 /* backupTWUITests */,
			);
			name = backupTWUITests;
			packageProductDependencies = (
			);
			productName = backupTWUITests;
			productReference = EA24E2B72DE962040026A1D4 /* backupTWUITests.xctest */;
			productType = "com.apple.product-type.bundle.ui-testing";
		};
/* End PBXNativeTarget section */

/* Begin PBXProject section */
		EA24E28F2DE962010026A1D4 /* Project object */ = {
			isa = PBXProject;
			attributes = {
				BuildIndependentTargetsInParallel = 1;
				LastSwiftUpdateCheck = 1640;
				LastUpgradeCheck = 1640;
				TargetAttributes = {
					EA24E2962DE962010026A1D4 = {
						CreatedOnToolsVersion = 16.4;
					};
					EA24E2AC2DE962040026A1D4 = {
						CreatedOnToolsVersion = 16.4;
						TestTargetID = EA24E2962DE962010026A1D4;
					};
					EA24E2B62DE962040026A1D4 = {
						CreatedOnToolsVersion = 16.4;
						TestTargetID = EA24E2962DE962010026A1D4;
					};
				};
			};
			buildConfigurationList = EA24E2922DE962010026A1D4 /* Build configuration list for PBXProject "backupTW" */;
			developmentRegion = en;
			hasScannedForEncodings = 0;
			knownRegions = (
				en,
				Base,
				"zh-Hant",
			);
			mainGroup = EA24E28E2DE962010026A1D4;
			minimizedProjectReferenceProxies = 1;
			packageReferences = (
				EA24E2CB2DE9A2F60026A1D4 /* XCRemoteSwiftPackageReference "Zip" */,
			);
			preferredProjectObjectVersion = 77;
			productRefGroup = EA24E2982DE962010026A1D4 /* Products */;
			projectDirPath = "";
			projectRoot = "";
			targets = (
				EA24E2962DE962010026A1D4 /* backupTW */,
				EA24E2AC2DE962040026A1D4 /* backupTWTests */,
				EA24E2B62DE962040026A1D4 /* backupTWUITests */,
			);
		};
/* End PBXProject section */

/* Begin PBXResourcesBuildPhase section */
		EA24E2952DE962010026A1D4 /* Resources */ = {
			isa = PBXResourcesBuildPhase;
			buildActionMask = 2147483647;
			files = (
			);
			runOnlyForDeploymentPostprocessing = 0;
		};
		EA24E2AB2DE962040026A1D4 /* Resources */ = {
			isa = PBXResourcesBuildPhase;
			buildActionMask = 2147483647;
			files = (
			);
			runOnlyForDeploymentPostprocessing = 0;
		};
		EA24E2B52DE962040026A1D4 /* Resources */ = {
			isa = PBXResourcesBuildPhase;
			buildActionMask = 2147483647;
			files = (
			);
			runOnlyForDeploymentPostprocessing = 0;
		};
/* End PBXResourcesBuildPhase section */

/* Begin PBXSourcesBuildPhase section */
		EA24E2932DE962010026A1D4 /* Sources */ = {
			isa = PBXSourcesBuildPhase;
			buildActionMask = 2147483647;
			files = (
			);
			runOnlyForDeploymentPostprocessing = 0;
		};
		EA24E2A92DE962040026A1D4 /* Sources */ = {
			isa = PBXSourcesBuildPhase;
			buildActionMask = 2147483647;
			files = (
			);
			runOnlyForDeploymentPostprocessing = 0;
		};
		EA24E2B32DE962040026A1D4 /* Sources */ = {
			isa = PBXSourcesBuildPhase;
			buildActionMask = 2147483647;
			files = (
			);
			runOnlyForDeploymentPostprocessing = 0;
		};
/* End PBXSourcesBuildPhase section */

/* Begin PBXTargetDependency section */
		EA24E2AF2DE962040026A1D4 /* PBXTargetDependency */ = {
			isa = PBXTargetDependency;
			target = EA24E2962DE962010026A1D4 /* backupTW */;
			targetProxy = EA24E2AE2DE962040026A1D4 /* PBXContainerItemProxy */;
		};
		EA24E2B92DE962040026A1D4 /* PBXTargetDependency */ = {
			isa = PBXTargetDependency;
			target = EA24E2962DE962010026A1D4 /* backupTW */;
			targetProxy = EA24E2B82DE962040026A1D4 /* PBXContainerItemProxy */;
		};
/* End PBXTargetDependency section */

/* Begin XCBuildConfiguration section */
		EA24E2C12DE962040026A1D4 /* Debug */ = {
			isa = XCBuildConfiguration;
			buildSettings = {
				ASSETCATALOG_COMPILER_APPICON_NAME = AppIcon;
				ASSETCATALOG_COMPILER_GLOBAL_ACCENT_COLOR_NAME = AccentColor;
				CODE_SIGN_STYLE = Automatic;
				CURRENT_PROJECT_VERSION = 1;
				DEVELOPMENT_TEAM = 538MCM44UX;
				GENERATE_INFOPLIST_FILE = YES;
				INFOPLIST_FILE = backupTW/Info.plist;
				INFOPLIST_KEY_UIApplicationSupportsIndirectInputEvents = YES;
				INFOPLIST_KEY_UILaunchStoryboardName = LaunchScreen;
				INFOPLIST_KEY_UIMainStoryboardFile = "";
				INFOPLIST_KEY_UISupportedInterfaceOrientations_iPad = "UIInterfaceOrientationPortrait UIInterfaceOrientationPortraitUpsideDown UIInterfaceOrientationLandscapeLeft UIInterfaceOrientationLandscapeRight";
				INFOPLIST_KEY_UISupportedInterfaceOrientations_iPhone = "UIInterfaceOrientationPortrait UIInterfaceOrientationLandscapeLeft UIInterfaceOrientationLandscapeRight";
				IPHONEOS_DEPLOYMENT_TARGET = 16.0;
				LD_RUNPATH_SEARCH_PATHS = (
					"$(inherited)",
					"@executable_path/Frameworks",
				);
				MARKETING_VERSION = 1.0;
				PRODUCT_BUNDLE_IDENTIFIER = tw.bonds.backupTW;
				PRODUCT_NAME = "$(TARGET_NAME)";
				SUPPORTED_PLATFORMS = "iphoneos iphonesimulator";
				SUPPORTS_MACCATALYST = NO;
				SUPPORTS_MAC_DESIGNED_FOR_IPHONE_IPAD = NO;
				SUPPORTS_XR_DESIGNED_FOR_IPHONE_IPAD = NO;
				SWIFT_EMIT_LOC_STRINGS = YES;
				SWIFT_VERSION = 5.0;
				TARGETED_DEVICE_FAMILY = 1;
			};
			name = Debug;
		};
		EA24E2C22DE962040026A1D4 /* Release */ = {
			isa = XCBuildConfiguration;
			buildSettings = {
				ASSETCATALOG_COMPILER_APPICON_NAME = AppIcon;
				ASSETCATALOG_COMPILER_GLOBAL_ACCENT_COLOR_NAME = AccentColor;
				CODE_SIGN_STYLE = Automatic;
				CURRENT_PROJECT_VERSION = 1;
				DEVELOPMENT_TEAM = 538MCM44UX;
				GENERATE_INFOPLIST_FILE = YES;
				INFOPLIST_FILE = backupTW/Info.plist;
				INFOPLIST_KEY_UIApplicationSupportsIndirectInputEvents = YES;
				INFOPLIST_KEY_UILaunchStoryboardName = LaunchScreen;
				INFOPLIST_KEY_UIMainStoryboardFile = "";
				INFOPLIST_KEY_UISupportedInterfaceOrientations_iPad = "UIInterfaceOrientationPortrait UIInterfaceOrientationPortraitUpsideDown UIInterfaceOrientationLandscapeLeft UIInterfaceOrientationLandscapeRight";
				INFOPLIST_KEY_UISupportedInterfaceOrientations_iPhone = "UIInterfaceOrientationPortrait UIInterfaceOrientationLandscapeLeft UIInterfaceOrientationLandscapeRight";
				IPHONEOS_DEPLOYMENT_TARGET = 16.0;
				LD_RUNPATH_SEARCH_PATHS = (
					"$(inherited)",
					"@executable_path/Frameworks",
				);
				MARKETING_VERSION = 1.0;
				PRODUCT_BUNDLE_IDENTIFIER = tw.bonds.backupTW;
				PRODUCT_NAME = "$(TARGET_NAME)";
				SUPPORTED_PLATFORMS = "iphoneos iphonesimulator";
				SUPPORTS_MACCATALYST = NO;
				SUPPORTS_MAC_DESIGNED_FOR_IPHONE_IPAD = NO;
				SUPPORTS_XR_DESIGNED_FOR_IPHONE_IPAD = NO;
				SWIFT_EMIT_LOC_STRINGS = YES;
				SWIFT_VERSION = 5.0;
				TARGETED_DEVICE_FAMILY = 1;
			};
			name = Release;
		};
		EA24E2C32DE962040026A1D4 /* Debug */ = {
			isa = XCBuildConfiguration;
			buildSettings = {
				ALWAYS_SEARCH_USER_PATHS = NO;
				ASSETCATALOG_COMPILER_GENERATE_SWIFT_ASSET_SYMBOL_EXTENSIONS = YES;
				CLANG_ANALYZER_LOCALIZABILITY_NONLOCALIZED = YES;
				CLANG_ANALYZER_NONNULL = YES;
				CLANG_ANALYZER_NUMBER_OBJECT_CONVERSION = YES_AGGRESSIVE;
				CLANG_CXX_LANGUAGE_STANDARD = "gnu++20";
				CLANG_ENABLE_MODULES = YES;
				CLANG_ENABLE_OBJC_ARC = YES;
				CLANG_ENABLE_OBJC_WEAK = YES;
				CLANG_WARN_BLOCK_CAPTURE_AUTORELEASING = YES;
				CLANG_WARN_BOOL_CONVERSION = YES;
				CLANG_WARN_COMMA = YES;
				CLANG_WARN_CONSTANT_CONVERSION = YES;
				CLANG_WARN_DEPRECATED_OBJC_IMPLEMENTATIONS = YES;
				CLANG_WARN_DIRECT_OBJC_ISA_USAGE = YES_ERROR;
				CLANG_WARN_DOCUMENTATION_COMMENTS = YES;
				CLANG_WARN_EMPTY_BODY = YES;
				CLANG_WARN_ENUM_CONVERSION = YES;
				CLANG_WARN_INFINITE_RECURSION = YES;
				CLANG_WARN_INT_CONVERSION = YES;
				CLANG_WARN_NON_LITERAL_NULL_CONVERSION = YES;
				CLANG_WARN_OBJC_IMPLICIT_RETAIN_SELF = YES;
				CLANG_WARN_OBJC_LITERAL_CONVERSION = YES;
				CLANG_WARN_OBJC_ROOT_CLASS = YES_ERROR;
				CLANG_WARN_QUOTED_INCLUDE_IN_FRAMEWORK_HEADER = YES;
				CLANG_WARN_RANGE_LOOP_ANALYSIS = YES;
				CLANG_WARN_STRICT_PROTOTYPES = YES;
				CLANG_WARN_SUSPICIOUS_MOVE = YES;
				CLANG_WARN_UNGUARDED_AVAILABILITY = YES_AGGRESSIVE;
				CLANG_WARN_UNREACHABLE_CODE = YES;
				CLANG_WARN__DUPLICATE_METHOD_MATCH = YES;
				COPY_PHASE_STRIP = NO;
				DEBUG_INFORMATION_FORMAT = dwarf;
				DEVELOPMENT_TEAM = 538MCM44UX;
				ENABLE_STRICT_OBJC_MSGSEND = YES;
				ENABLE_TESTABILITY = YES;
				ENABLE_USER_SCRIPT_SANDBOXING = YES;
				GCC_C_LANGUAGE_STANDARD = gnu17;
				GCC_DYNAMIC_NO_PIC = NO;
				GCC_NO_COMMON_BLOCKS = YES;
				GCC_OPTIMIZATION_LEVEL = 0;
				GCC_PREPROCESSOR_DEFINITIONS = (
					"DEBUG=1",
					"$(inherited)",
				);
				GCC_WARN_64_TO_32_BIT_CONVERSION = YES;
				GCC_WARN_ABOUT_RETURN_TYPE = YES_ERROR;
				GCC_WARN_UNDECLARED_SELECTOR = YES;
				GCC_WARN_UNINITIALIZED_AUTOS = YES_AGGRESSIVE;
				GCC_WARN_UNUSED_FUNCTION = YES;
				GCC_WARN_UNUSED_VARIABLE = YES;
				IPHONEOS_DEPLOYMENT_TARGET = 16.0;
				LOCALIZATION_PREFERS_STRING_CATALOGS = YES;
				MTL_ENABLE_DEBUG_INFO = INCLUDE_SOURCE;
				MTL_FAST_MATH = YES;
				ONLY_ACTIVE_ARCH = YES;
				SDKROOT = iphoneos;
				SWIFT_ACTIVE_COMPILATION_CONDITIONS = "DEBUG $(inherited)";
				SWIFT_EMIT_LOC_STRINGS = YES;
				SWIFT_OPTIMIZATION_LEVEL = "-Onone";
			};
			name = Debug;
		};
		EA24E2C42DE962040026A1D4 /* Release */ = {
			isa = XCBuildConfiguration;
			buildSettings = {
				ALWAYS_SEARCH_USER_PATHS = NO;
				ASSETCATALOG_COMPILER_GENERATE_SWIFT_ASSET_SYMBOL_EXTENSIONS = YES;
				CLANG_ANALYZER_LOCALIZABILITY_NONLOCALIZED = YES;
				CLANG_ANALYZER_NONNULL = YES;
				CLANG_ANALYZER_NUMBER_OBJECT_CONVERSION = YES_AGGRESSIVE;
				CLANG_CXX_LANGUAGE_STANDARD = "gnu++20";
				CLANG_ENABLE_MODULES = YES;
				CLANG_ENABLE_OBJC_ARC = YES;
				CLANG_ENABLE_OBJC_WEAK = YES;
				CLANG_WARN_BLOCK_CAPTURE_AUTORELEASING = YES;
				CLANG_WARN_BOOL_CONVERSION = YES;
				CLANG_WARN_COMMA = YES;
				CLANG_WARN_CONSTANT_CONVERSION = YES;
				CLANG_WARN_DEPRECATED_OBJC_IMPLEMENTATIONS = YES;
				CLANG_WARN_DIRECT_OBJC_ISA_USAGE = YES_ERROR;
				CLANG_WARN_DOCUMENTATION_COMMENTS = YES;
				CLANG_WARN_EMPTY_BODY = YES;
				CLANG_WARN_ENUM_CONVERSION = YES;
				CLANG_WARN_INFINITE_RECURSION = YES;
				CLANG_WARN_INT_CONVERSION = YES;
				CLANG_WARN_NON_LITERAL_NULL_CONVERSION = YES;
				CLANG_WARN_OBJC_IMPLICIT_RETAIN_SELF = YES;
				CLANG_WARN_OBJC_LITERAL_CONVERSION = YES;
				CLANG_WARN_OBJC_ROOT_CLASS = YES_ERROR;
				CLANG_WARN_QUOTED_INCLUDE_IN_FRAMEWORK_HEADER = YES;
				CLANG_WARN_RANGE_LOOP_ANALYSIS = YES;
				CLANG_WARN_STRICT_PROTOTYPES = YES;
				CLANG_WARN_SUSPICIOUS_MOVE = YES;
				CLANG_WARN_UNGUARDED_AVAILABILITY = YES_AGGRESSIVE;
				CLANG_WARN_UNREACHABLE_CODE = YES;
				CLANG_WARN__DUPLICATE_METHOD_MATCH = YES;
				COPY_PHASE_STRIP = NO;
				DEBUG_INFORMATION_FORMAT = "dwarf-with-dsym";
				DEVELOPMENT_TEAM = 538MCM44UX;
				ENABLE_NS_ASSERTIONS = NO;
				ENABLE_STRICT_OBJC_MSGSEND = YES;
				ENABLE_USER_SCRIPT_SANDBOXING = YES;
				GCC_C_LANGUAGE_STANDARD = gnu17;
				GCC_NO_COMMON_BLOCKS = YES;
				GCC_WARN_64_TO_32_BIT_CONVERSION = YES;
				GCC_WARN_ABOUT_RETURN_TYPE = YES_ERROR;
				GCC_WARN_UNDECLARED_SELECTOR = YES;
				GCC_WARN_UNINITIALIZED_AUTOS = YES_AGGRESSIVE;
				GCC_WARN_UNUSED_FUNCTION = YES;
				GCC_WARN_UNUSED_VARIABLE = YES;
				IPHONEOS_DEPLOYMENT_TARGET = 16.0;
				LOCALIZATION_PREFERS_STRING_CATALOGS = YES;
				MTL_ENABLE_DEBUG_INFO = NO;
				MTL_FAST_MATH = YES;
				SDKROOT = iphoneos;
				SWIFT_COMPILATION_MODE = wholemodule;
				SWIFT_EMIT_LOC_STRINGS = YES;
				VALIDATE_PRODUCT = YES;
			};
			name = Release;
		};
		EA24E2C62DE962040026A1D4 /* Debug */ = {
			isa = XCBuildConfiguration;
			buildSettings = {
				BUNDLE_LOADER = "$(TEST_HOST)";
				CODE_SIGN_STYLE = Automatic;
				CURRENT_PROJECT_VERSION = 1;
				DEVELOPMENT_TEAM = 538MCM44UX;
				GENERATE_INFOPLIST_FILE = YES;
				IPHONEOS_DEPLOYMENT_TARGET = 16.0;
				MARKETING_VERSION = 1.0;
				PRODUCT_BUNDLE_IDENTIFIER = tw.bonds.backupTWTests;
				PRODUCT_NAME = "$(TARGET_NAME)";
				SWIFT_EMIT_LOC_STRINGS = NO;
				SWIFT_VERSION = 5.0;
				TARGETED_DEVICE_FAMILY = "1,2";
				TEST_HOST = "$(BUILT_PRODUCTS_DIR)/backupTW.app/$(BUNDLE_EXECUTABLE_FOLDER_PATH)/backupTW";
			};
			name = Debug;
		};
		EA24E2C72DE962040026A1D4 /* Release */ = {
			isa = XCBuildConfiguration;
			buildSettings = {
				BUNDLE_LOADER = "$(TEST_HOST)";
				CODE_SIGN_STYLE = Automatic;
				CURRENT_PROJECT_VERSION = 1;
				DEVELOPMENT_TEAM = 538MCM44UX;
				GENERATE_INFOPLIST_FILE = YES;
				IPHONEOS_DEPLOYMENT_TARGET = 16.0;
				MARKETING_VERSION = 1.0;
				PRODUCT_BUNDLE_IDENTIFIER = tw.bonds.backupTWTests;
				PRODUCT_NAME = "$(TARGET_NAME)";
				SWIFT_EMIT_LOC_STRINGS = NO;
				SWIFT_VERSION = 5.0;
				TARGETED_DEVICE_FAMILY = "1,2";
				TEST_HOST = "$(BUILT_PRODUCTS_DIR)/backupTW.app/$(BUNDLE_EXECUTABLE_FOLDER_PATH)/backupTW";
			};
			name = Release;
		};
		EA24E2C92DE962040026A1D4 /* Debug */ = {
			isa = XCBuildConfiguration;
			buildSettings = {
				CODE_SIGN_STYLE = Automatic;
				CURRENT_PROJECT_VERSION = 1;
				DEVELOPMENT_TEAM = 538MCM44UX;
				GENERATE_INFOPLIST_FILE = YES;
				MARKETING_VERSION = 1.0;
				PRODUCT_BUNDLE_IDENTIFIER = tw.bonds.backupTWUITests;
				PRODUCT_NAME = "$(TARGET_NAME)";
				SWIFT_EMIT_LOC_STRINGS = NO;
				SWIFT_VERSION = 5.0;
				TARGETED_DEVICE_FAMILY = "1,2";
				TEST_TARGET_NAME = backupTW;
			};
			name = Debug;
		};
		EA24E2CA2DE962040026A1D4 /* Release */ = {
			isa = XCBuildConfiguration;
			buildSettings = {
				CODE_SIGN_STYLE = Automatic;
				CURRENT_PROJECT_VERSION = 1;
				DEVELOPMENT_TEAM = 538MCM44UX;
				GENERATE_INFOPLIST_FILE = YES;
				MARKETING_VERSION = 1.0;
				PRODUCT_BUNDLE_IDENTIFIER = tw.bonds.backupTWUITests;
				PRODUCT_NAME = "$(TARGET_NAME)";
				SWIFT_EMIT_LOC_STRINGS = NO;
				SWIFT_VERSION = 5.0;
				TARGETED_DEVICE_FAMILY = "1,2";
				TEST_TARGET_NAME = backupTW;
			};
			name = Release;
		};
/* End XCBuildConfiguration section */

/* Begin XCConfigurationList section */
		EA24E2922DE962010026A1D4 /* Build configuration list for PBXProject "backupTW" */ = {
			isa = XCConfigurationList;
			buildConfigurations = (
				EA24E2C32DE962040026A1D4 /* Debug */,
				EA24E2C42DE962040026A1D4 /* Release */,
			);
			defaultConfigurationIsVisible = 0;
			defaultConfigurationName = Release;
		};
		EA24E2C02DE962040026A1D4 /* Build configuration list for PBXNativeTarget "backupTW" */ = {
			isa = XCConfigurationList;
			buildConfigurations = (
				EA24E2C12DE962040026A1D4 /* Debug */,
				EA24E2C22DE962040026A1D4 /* Release */,
			);
			defaultConfigurationIsVisible = 0;
			defaultConfigurationName = Release;
		};
		EA24E2C52DE962040026A1D4 /* Build configuration list for PBXNativeTarget "backupTWTests" */ = {
			isa = XCConfigurationList;
			buildConfigurations = (
				EA24E2C62DE962040026A1D4 /* Debug */,
				EA24E2C72DE962040026A1D4 /* Release */,
			);
			defaultConfigurationIsVisible = 0;
			defaultConfigurationName = Release;
		};
		EA24E2C82DE962040026A1D4 /* Build configuration list for PBXNativeTarget "backupTWUITests" */ = {
			isa = XCConfigurationList;
			buildConfigurations = (
				EA24E2C92DE962040026A1D4 /* Debug */,
				EA24E2CA2DE962040026A1D4 /* Release */,
			);
			defaultConfigurationIsVisible = 0;
			defaultConfigurationName = Release;
		};
/* End XCConfigurationList section */

/* Begin XCRemoteSwiftPackageReference section */
		EA24E2CB2DE9A2F60026A1D4 /* XCRemoteSwiftPackageReference "Zip" */ = {
			isa = XCRemoteSwiftPackageReference;
			repositoryURL = "https://github.com/marmelroy/Zip.git";
			requirement = {
				kind = upToNextMajorVersion;
				minimumVersion = 2.1.2;
			};
		};
/* End XCRemoteSwiftPackageReference section */

/* Begin XCSwiftPackageProductDependency section */
		EA4004332DE9A55200FD52B1 /* Zip */ = {
			isa = XCSwiftPackageProductDependency;
			package = EA24E2CB2DE9A2F60026A1D4 /* XCRemoteSwiftPackageReference "Zip" */;
			productName = Zip;
		};
/* End XCSwiftPackageProductDependency section */
	};
	rootObject = EA24E28F2DE962010026A1D4 /* Project object */;
}
